
Microsoft Visual Studio Solution File, Format Version 12.00
# Visual Studio Version 16
VisualStudioVersion = 16.0.32002.261
MinimumVisualStudioVersion = 10.0.40219.1
Project("{2150E333-8FDC-42A3-9474-1A3956D46DE8}") = "src", "src", "{2C4AC045-61D5-4CFE-ACA8-0AF193C0EF9B}"
	ProjectSection(SolutionItems) = preProject
		.dockerignore = .dockerignore
		docker-compose.override.yml = docker-compose.override.yml
		docker-compose.yml = docker-compose.yml
	EndProjectSection
EndProject
Project("{2150E333-8FDC-42A3-9474-1A3956D46DE8}") = "Product", "Product", "{01D00748-8BB6-4BF5-AF68-46EC0D8B2841}"
EndProject
Project("{9A19103F-16F7-4668-BE54-9A1E7A4F7556}") = "Product.Domain", "src\Product\Product.Domain\Product.Domain.csproj", "{0C8601EF-AF2C-4594-A239-B9A953B09132}"
EndProject
Project("{9A19103F-16F7-4668-BE54-9A1E7A4F7556}") = "Product.Infrastructure", "src\Product\Product.Infrastructure\Product.Infrastructure.csproj", "{3B6D2262-238C-46FA-9505-1120E021932A}"
EndProject
Project("{9A19103F-16F7-4668-BE54-9A1E7A4F7556}") = "Product.Application", "src\Product\Product.Application\Product.Application.csproj", "{C0F3E6D5-B0CC-450A-A0F5-2649C73D1AC7}"
EndProject
Project("{9A19103F-16F7-4668-BE54-9A1E7A4F7556}") = "Product.API", "src\Product\Product.API\Product.API.csproj", "{39199BCE-139E-4602-9CA5-738B7B33EF38}"
EndProject
Project("{2150E333-8FDC-42A3-9474-1A3956D46DE8}") = "Order", "Order", "{A3294C1D-66CE-4C0A-A070-9D1513E6BDE0}"
EndProject
Project("{9A19103F-16F7-4668-BE54-9A1E7A4F7556}") = "Order.Domain", "src\Order\Order.Domain\Order.Domain.csproj", "{BD60C83D-94CF-4845-8F22-A9575BACD368}"
EndProject
Project("{9A19103F-16F7-4668-BE54-9A1E7A4F7556}") = "Order.Infrastructure", "src\Order\Order.Infrastructure\Order.Infrastructure.csproj", "{BCF81AF0-2C2C-406D-A545-FF02A28F5ABA}"
EndProject
Project("{9A19103F-16F7-4668-BE54-9A1E7A4F7556}") = "Order.Application", "src\Order\Order.Application\Order.Application.csproj", "{86B80FAD-15FE-4C32-B64A-43F672DF70A5}"
EndProject
Project("{9A19103F-16F7-4668-BE54-9A1E7A4F7556}") = "Order.API", "src\Order\Order.API\Order.API.csproj", "{2778DB37-1B11-44A8-BBB4-4F11E68CFD96}"
EndProject
Project("{2150E333-8FDC-42A3-9474-1A3956D46DE8}") = "Campaign", "Campaign", "{839F9997-4A4D-4E5C-9D13-DCD1265A9B32}"
EndProject
Project("{9A19103F-16F7-4668-BE54-9A1E7A4F7556}") = "Campaign.Domain", "src\Campaign\Campaign.Domain\Campaign.Domain.csproj", "{45EC5FAC-0D21-462D-911B-61186D13B0BA}"
EndProject
Project("{9A19103F-16F7-4668-BE54-9A1E7A4F7556}") = "Campaign.Infrastructure", "src\Campaign\Campaign.Infrastructure\Campaign.Infrastructure.csproj", "{0ABD9DB7-649F-473A-BF02-DCC75543A412}"
EndProject
Project("{9A19103F-16F7-4668-BE54-9A1E7A4F7556}") = "Campaign.Application", "src\Campaign\Campaign.Application\Campaign.Application.csproj", "{855C5455-388E-42BD-B681-26C368B5423C}"
EndProject
Project("{9A19103F-16F7-4668-BE54-9A1E7A4F7556}") = "Campaign.API", "src\Campaign\Campaign.API\Campaign.API.csproj", "{67F2D786-1660-4668-B3F0-5CD6DE0D8B50}"
EndProject
Project("{2150E333-8FDC-42A3-9474-1A3956D46DE8}") = "ApiGateway", "ApiGateway", "{A6977D1C-4DB8-4217-8766-2494BFE5DE7C}"
EndProject
Project("{9A19103F-16F7-4668-BE54-9A1E7A4F7556}") = "CaseStudy.Ocelot.ApiGateway", "src\ApiGateway\CaseStudy.Ocelot.ApiGateway\CaseStudy.Ocelot.ApiGateway.csproj", "{42D9D798-6F59-4652-8955-20B589A4C15B}"
EndProject
Project("{2150E333-8FDC-42A3-9474-1A3956D46DE8}") = "BuildingBlocks", "BuildingBlocks", "{E0A1B0C3-C458-4A7B-AF75-1FB5E76E7B59}"
EndProject
Project("{2150E333-8FDC-42A3-9474-1A3956D46DE8}") = "EventBus", "EventBus", "{7A0FB1B6-11E2-481C-972A-720E7A283215}"
EndProject
Project("{9A19103F-16F7-4668-BE54-9A1E7A4F7556}") = "EventBus.Base", "src\BuildingBlocks\EventBus\EventBus.Base\EventBus.Base.csproj", "{547E2A9D-CE40-4808-8F22-29B16B5F0B58}"
EndProject
Project("{9A19103F-16F7-4668-BE54-9A1E7A4F7556}") = "EventBus.Factory", "src\BuildingBlocks\EventBus\EventBus.Factory\EventBus.Factory.csproj", "{F1E46F49-A6AD-4E81-AB9C-ABE7A9EA75CF}"
EndProject
Project("{9A19103F-16F7-4668-BE54-9A1E7A4F7556}") = "EventBust.RabbitMQ", "src\BuildingBlocks\EventBus\EventBust.RabbitMQ\EventBust.RabbitMQ.csproj", "{63BBA212-D74B-4E73-8980-DC4F9FE5D1A7}"
EndProject
Project("{2150E333-8FDC-42A3-9474-1A3956D46DE8}") = "tests", "tests", "{4FD82791-C6C2-4EE3-A685-F12848FBCAA2}"
EndProject
Project("{2150E333-8FDC-42A3-9474-1A3956D46DE8}") = "BuildingBlocks", "BuildingBlocks", "{4A90F8B6-AD28-4BD3-9E27-CD2EB35114D3}"
EndProject
Project("{FAE04EC0-301F-11D3-BF4B-00C04F79EFBC}") = "EventBus.UnitTest", "tests\BuildingBlocks\EventBus.UnitTest\EventBus.UnitTest\EventBus.UnitTest.csproj", "{A5C54815-3C15-4C9C-889A-3814D4EDF236}"
EndProject
Global
	GlobalSection(SolutionConfigurationPlatforms) = preSolution
		Debug|Any CPU = Debug|Any CPU
		Release|Any CPU = Release|Any CPU
	EndGlobalSection
	GlobalSection(ProjectConfigurationPlatforms) = postSolution
		{0C8601EF-AF2C-4594-A239-B9A953B09132}.Debug|Any CPU.ActiveCfg = Debug|Any CPU
		{0C8601EF-AF2C-4594-A239-B9A953B09132}.Debug|Any CPU.Build.0 = Debug|Any CPU
		{0C8601EF-AF2C-4594-A239-B9A953B09132}.Release|Any CPU.ActiveCfg = Release|Any CPU
		{0C8601EF-AF2C-4594-A239-B9A953B09132}.Release|Any CPU.Build.0 = Release|Any CPU
		{3B6D2262-238C-46FA-9505-1120E021932A}.Debug|Any CPU.ActiveCfg = Debug|Any CPU
		{3B6D2262-238C-46FA-9505-1120E021932A}.Debug|Any CPU.Build.0 = Debug|Any CPU
		{3B6D2262-238C-46FA-9505-1120E021932A}.Release|Any CPU.ActiveCfg = Release|Any CPU
		{3B6D2262-238C-46FA-9505-1120E021932A}.Release|Any CPU.Build.0 = Release|Any CPU
		{C0F3E6D5-B0CC-450A-A0F5-2649C73D1AC7}.Debug|Any CPU.ActiveCfg = Debug|Any CPU
		{C0F3E6D5-B0CC-450A-A0F5-2649C73D1AC7}.Debug|Any CPU.Build.0 = Debug|Any CPU
		{C0F3E6D5-B0CC-450A-A0F5-2649C73D1AC7}.Release|Any CPU.ActiveCfg = Release|Any CPU
		{C0F3E6D5-B0CC-450A-A0F5-2649C73D1AC7}.Release|Any CPU.Build.0 = Release|Any CPU
		{39199BCE-139E-4602-9CA5-738B7B33EF38}.Debug|Any CPU.ActiveCfg = Debug|Any CPU
		{39199BCE-139E-4602-9CA5-738B7B33EF38}.Debug|Any CPU.Build.0 = Debug|Any CPU
		{39199BCE-139E-4602-9CA5-738B7B33EF38}.Release|Any CPU.ActiveCfg = Release|Any CPU
		{39199BCE-139E-4602-9CA5-738B7B33EF38}.Release|Any CPU.Build.0 = Release|Any CPU
		{BD60C83D-94CF-4845-8F22-A9575BACD368}.Debug|Any CPU.ActiveCfg = Debug|Any CPU
		{BD60C83D-94CF-4845-8F22-A9575BACD368}.Debug|Any CPU.Build.0 = Debug|Any CPU
		{BD60C83D-94CF-4845-8F22-A9575BACD368}.Release|Any CPU.ActiveCfg = Release|Any CPU
		{BD60C83D-94CF-4845-8F22-A9575BACD368}.Release|Any CPU.Build.0 = Release|Any CPU
		{BCF81AF0-2C2C-406D-A545-FF02A28F5ABA}.Debug|Any CPU.ActiveCfg = Debug|Any CPU
		{BCF81AF0-2C2C-406D-A545-FF02A28F5ABA}.Debug|Any CPU.Build.0 = Debug|Any CPU
		{BCF81AF0-2C2C-406D-A545-FF02A28F5ABA}.Release|Any CPU.ActiveCfg = Release|Any CPU
		{BCF81AF0-2C2C-406D-A545-FF02A28F5ABA}.Release|Any CPU.Build.0 = Release|Any CPU
		{86B80FAD-15FE-4C32-B64A-43F672DF70A5}.Debug|Any CPU.ActiveCfg = Debug|Any CPU
		{86B80FAD-15FE-4C32-B64A-43F672DF70A5}.Debug|Any CPU.Build.0 = Debug|Any CPU
		{86B80FAD-15FE-4C32-B64A-43F672DF70A5}.Release|Any CPU.ActiveCfg = Release|Any CPU
		{86B80FAD-15FE-4C32-B64A-43F672DF70A5}.Release|Any CPU.Build.0 = Release|Any CPU
		{2778DB37-1B11-44A8-BBB4-4F11E68CFD96}.Debug|Any CPU.ActiveCfg = Debug|Any CPU
		{2778DB37-1B11-44A8-BBB4-4F11E68CFD96}.Debug|Any CPU.Build.0 = Debug|Any CPU
		{2778DB37-1B11-44A8-BBB4-4F11E68CFD96}.Release|Any CPU.ActiveCfg = Release|Any CPU
		{2778DB37-1B11-44A8-BBB4-4F11E68CFD96}.Release|Any CPU.Build.0 = Release|Any CPU
		{45EC5FAC-0D21-462D-911B-61186D13B0BA}.Debug|Any CPU.ActiveCfg = Debug|Any CPU
		{45EC5FAC-0D21-462D-911B-61186D13B0BA}.Debug|Any CPU.Build.0 = Debug|Any CPU
		{45EC5FAC-0D21-462D-911B-61186D13B0BA}.Release|Any CPU.ActiveCfg = Release|Any CPU
		{45EC5FAC-0D21-462D-911B-61186D13B0BA}.Release|Any CPU.Build.0 = Release|Any CPU
		{0ABD9DB7-649F-473A-BF02-DCC75543A412}.Debug|Any CPU.ActiveCfg = Debug|Any CPU
		{0ABD9DB7-649F-473A-BF02-DCC75543A412}.Debug|Any CPU.Build.0 = Debug|Any CPU
		{0ABD9DB7-649F-473A-BF02-DCC75543A412}.Release|Any CPU.ActiveCfg = Release|Any CPU
		{0ABD9DB7-649F-473A-BF02-DCC75543A412}.Release|Any CPU.Build.0 = Release|Any CPU
		{855C5455-388E-42BD-B681-26C368B5423C}.Debug|Any CPU.ActiveCfg = Debug|Any CPU
		{855C5455-388E-42BD-B681-26C368B5423C}.Debug|Any CPU.Build.0 = Debug|Any CPU
		{855C5455-388E-42BD-B681-26C368B5423C}.Release|Any CPU.ActiveCfg = Release|Any CPU
		{855C5455-388E-42BD-B681-26C368B5423C}.Release|Any CPU.Build.0 = Release|Any CPU
		{67F2D786-1660-4668-B3F0-5CD6DE0D8B50}.Debug|Any CPU.ActiveCfg = Debug|Any CPU
		{67F2D786-1660-4668-B3F0-5CD6DE0D8B50}.Debug|Any CPU.Build.0 = Debug|Any CPU
		{67F2D786-1660-4668-B3F0-5CD6DE0D8B50}.Release|Any CPU.ActiveCfg = Release|Any CPU
		{67F2D786-1660-4668-B3F0-5CD6DE0D8B50}.Release|Any CPU.Build.0 = Release|Any CPU
		{42D9D798-6F59-4652-8955-20B589A4C15B}.Debug|Any CPU.ActiveCfg = Debug|Any CPU
		{42D9D798-6F59-4652-8955-20B589A4C15B}.Debug|Any CPU.Build.0 = Debug|Any CPU
		{42D9D798-6F59-4652-8955-20B589A4C15B}.Release|Any CPU.ActiveCfg = Release|Any CPU
		{42D9D798-6F59-4652-8955-20B589A4C15B}.Release|Any CPU.Build.0 = Release|Any CPU
		{547E2A9D-CE40-4808-8F22-29B16B5F0B58}.Debug|Any CPU.ActiveCfg = Debug|Any CPU
		{547E2A9D-CE40-4808-8F22-29B16B5F0B58}.Debug|Any CPU.Build.0 = Debug|Any CPU
		{547E2A9D-CE40-4808-8F22-29B16B5F0B58}.Release|Any CPU.ActiveCfg = Release|Any CPU
		{547E2A9D-CE40-4808-8F22-29B16B5F0B58}.Release|Any CPU.Build.0 = Release|Any CPU
		{F1E46F49-A6AD-4E81-AB9C-ABE7A9EA75CF}.Debug|Any CPU.ActiveCfg = Debug|Any CPU
		{F1E46F49-A6AD-4E81-AB9C-ABE7A9EA75CF}.Debug|Any CPU.Build.0 = Debug|Any CPU
		{F1E46F49-A6AD-4E81-AB9C-ABE7A9EA75CF}.Release|Any CPU.ActiveCfg = Release|Any CPU
		{F1E46F49-A6AD-4E81-AB9C-ABE7A9EA75CF}.Release|Any CPU.Build.0 = Release|Any CPU
		{63BBA212-D74B-4E73-8980-DC4F9FE5D1A7}.Debug|Any CPU.ActiveCfg = Debug|Any CPU
		{63BBA212-D74B-4E73-8980-DC4F9FE5D1A7}.Debug|Any CPU.Build.0 = Debug|Any CPU
		{63BBA212-D74B-4E73-8980-DC4F9FE5D1A7}.Release|Any CPU.ActiveCfg = Release|Any CPU
		{63BBA212-D74B-4E73-8980-DC4F9FE5D1A7}.Release|Any CPU.Build.0 = Release|Any CPU
		{A5C54815-3C15-4C9C-889A-3814D4EDF236}.Debug|Any CPU.ActiveCfg = Debug|Any CPU
		{A5C54815-3C15-4C9C-889A-3814D4EDF236}.Debug|Any CPU.Build.0 = Debug|Any CPU
		{A5C54815-3C15-4C9C-889A-3814D4EDF236}.Release|Any CPU.ActiveCfg = Release|Any CPU
		{A5C54815-3C15-4C9C-889A-3814D4EDF236}.Release|Any CPU.Build.0 = Release|Any CPU
	EndGlobalSection
	GlobalSection(SolutionProperties) = preSolution
		HideSolutionNode = FALSE
	EndGlobalSection
	GlobalSection(NestedProjects) = preSolution
		{01D00748-8BB6-4BF5-AF68-46EC0D8B2841} = {2C4AC045-61D5-4CFE-ACA8-0AF193C0EF9B}
		{0C8601EF-AF2C-4594-A239-B9A953B09132} = {01D00748-8BB6-4BF5-AF68-46EC0D8B2841}
		{3B6D2262-238C-46FA-9505-1120E021932A} = {01D00748-8BB6-4BF5-AF68-46EC0D8B2841}
		{C0F3E6D5-B0CC-450A-A0F5-2649C73D1AC7} = {01D00748-8BB6-4BF5-AF68-46EC0D8B2841}
		{39199BCE-139E-4602-9CA5-738B7B33EF38} = {01D00748-8BB6-4BF5-AF68-46EC0D8B2841}
		{A3294C1D-66CE-4C0A-A070-9D1513E6BDE0} = {2C4AC045-61D5-4CFE-ACA8-0AF193C0EF9B}
		{BD60C83D-94CF-4845-8F22-A9575BACD368} = {A3294C1D-66CE-4C0A-A070-9D1513E6BDE0}
		{BCF81AF0-2C2C-406D-A545-FF02A28F5ABA} = {A3294C1D-66CE-4C0A-A070-9D1513E6BDE0}
		{86B80FAD-15FE-4C32-B64A-43F672DF70A5} = {A3294C1D-66CE-4C0A-A070-9D1513E6BDE0}
		{2778DB37-1B11-44A8-BBB4-4F11E68CFD96} = {A3294C1D-66CE-4C0A-A070-9D1513E6BDE0}
		{839F9997-4A4D-4E5C-9D13-DCD1265A9B32} = {2C4AC045-61D5-4CFE-ACA8-0AF193C0EF9B}
		{45EC5FAC-0D21-462D-911B-61186D13B0BA} = {839F9997-4A4D-4E5C-9D13-DCD1265A9B32}
		{0ABD9DB7-649F-473A-BF02-DCC75543A412} = {839F9997-4A4D-4E5C-9D13-DCD1265A9B32}
		{855C5455-388E-42BD-B681-26C368B5423C} = {839F9997-4A4D-4E5C-9D13-DCD1265A9B32}
		{67F2D786-1660-4668-B3F0-5CD6DE0D8B50} = {839F9997-4A4D-4E5C-9D13-DCD1265A9B32}
		{A6977D1C-4DB8-4217-8766-2494BFE5DE7C} = {2C4AC045-61D5-4CFE-ACA8-0AF193C0EF9B}
		{42D9D798-6F59-4652-8955-20B589A4C15B} = {A6977D1C-4DB8-4217-8766-2494BFE5DE7C}
		{E0A1B0C3-C458-4A7B-AF75-1FB5E76E7B59} = {2C4AC045-61D5-4CFE-ACA8-0AF193C0EF9B}
		{7A0FB1B6-11E2-481C-972A-720E7A283215} = {E0A1B0C3-C458-4A7B-AF75-1FB5E76E7B59}
		{547E2A9D-CE40-4808-8F22-29B16B5F0B58} = {7A0FB1B6-11E2-481C-972A-720E7A283215}
		{F1E46F49-A6AD-4E81-AB9C-ABE7A9EA75CF} = {7A0FB1B6-11E2-481C-972A-720E7A283215}
		{63BBA212-D74B-4E73-8980-DC4F9FE5D1A7} = {7A0FB1B6-11E2-481C-972A-720E7A283215}
		{4A90F8B6-AD28-4BD3-9E27-CD2EB35114D3} = {4FD82791-C6C2-4EE3-A685-F12848FBCAA2}
		{A5C54815-3C15-4C9C-889A-3814D4EDF236} = {4A90F8B6-AD28-4BD3-9E27-CD2EB35114D3}
	EndGlobalSection
	GlobalSection(ExtensibilityGlobals) = postSolution
		SolutionGuid = {17B3E540-9A63-4270-B3BB-9762662F8322}
	EndGlobalSection
EndGlobal
